// !$*UTF8*$!
{
	archiveVersion = 1;
	classes = {
	};
	objectVersion = 56;
	objects = {

/* Begin PBXBuildFile section */
		CD4837D22B1F1BAD0003A998 /* ViewDependencies.swift in Sources */ = {isa = PBXBuildFile; fileRef = CD4837D12B1F1BAD0003A998 /* ViewDependencies.swift */; };
		CD4837D42B1F1DE00003A998 /* UseUIControl.swift in Sources */ = {isa = PBXBuildFile; fileRef = CD4837D32B1F1DE00003A998 /* UseUIControl.swift */; };
		CD4837D62B1F28460003A998 /* ColorAndImageShow.swift in Sources */ = {isa = PBXBuildFile; fileRef = CD4837D52B1F28450003A998 /* ColorAndImageShow.swift */; };
		CD7A7D7F2B1DEDC9003C1926 /* AppManSwiftUIBootCampApp.swift in Sources */ = {isa = PBXBuildFile; fileRef = CD7A7D7E2B1DEDC9003C1926 /* AppManSwiftUIBootCampApp.swift */; };
		CD7A7D812B1DEDC9003C1926 /* ContentView.swift in Sources */ = {isa = PBXBuildFile; fileRef = CD7A7D802B1DEDC9003C1926 /* ContentView.swift */; };
		CD7A7D832B1DEDCD003C1926 /* Assets.xcassets in Resources */ = {isa = PBXBuildFile; fileRef = CD7A7D822B1DEDCD003C1926 /* Assets.xcassets */; };
		CD7A7D862B1DEDCD003C1926 /* Preview Assets.xcassets in Resources */ = {isa = PBXBuildFile; fileRef = CD7A7D852B1DEDCD003C1926 /* Preview Assets.xcassets */; };
/* End PBXBuildFile section */

/* Begin PBXFileReference section */
		CD4837D12B1F1BAD0003A998 /* ViewDependencies.swift */ = {isa = PBXFileReference; lastKnownFileType = sourcecode.swift; path = ViewDependencies.swift; sourceTree = "<group>"; };
		CD4837D32B1F1DE00003A998 /* UseUIControl.swift */ = {isa = PBXFileReference; lastKnownFileType = sourcecode.swift; path = UseUIControl.swift; sourceTree = "<group>"; };
		CD4837D52B1F28450003A998 /* ColorAndImageShow.swift */ = {isa = PBXFileReference; lastKnownFileType = sourcecode.swift; path = ColorAndImageShow.swift; sourceTree = "<group>"; };
		CD7A7D7B2B1DEDC9003C1926 /* AppManSwiftUIBootCamp.app */ = {isa = PBXFileReference; explicitFileType = wrapper.application; includeInIndex = 0; path = AppManSwiftUIBootCamp.app; sourceTree = BUILT_PRODUCTS_DIR; };
		CD7A7D7E2B1DEDC9003C1926 /* AppManSwiftUIBootCampApp.swift */ = {isa = PBXFileReference; lastKnownFileType = sourcecode.swift; path = AppManSwiftUIBootCampApp.swift; sourceTree = "<group>"; };
		CD7A7D802B1DEDC9003C1926 /* ContentView.swift */ = {isa = PBXFileReference; lastKnownFileType = sourcecode.swift; path = ContentView.swift; sourceTree = "<group>"; };
		CD7A7D822B1DEDCD003C1926 /* Assets.xcassets */ = {isa = PBXFileReference; lastKnownFileType = folder.assetcatalog; path = Assets.xcassets; sourceTree = "<group>"; };
		CD7A7D852B1DEDCD003C1926 /* Preview Assets.xcassets */ = {isa = PBXFileReference; lastKnownFileType = folder.assetcatalog; path = "Preview Assets.xcassets"; sourceTree = "<group>"; };
/* End PBXFileReference section */

/* Begin PBXFrameworksBuildPhase section */
		CD7A7D782B1DEDC9003C1926 /* Frameworks */ = {
			isa = PBXFrameworksBuildPhase;
			buildActionMask = 2147483647;
			files = (
			);
			runOnlyForDeploymentPostprocessing = 0;
		};
/* End PBXFrameworksBuildPhase section */

/* Begin PBXGroup section */
		CD7A7D722B1DEDC9003C1926 = {
			isa = PBXGroup;
			children = (
				CD7A7D7D2B1DEDC9003C1926 /* AppManSwiftUIBootCamp */,
				CD7A7D7C2B1DEDC9003C1926 /* Products */,
			);
			sourceTree = "<group>";
		};
		CD7A7D7C2B1DEDC9003C1926 /* Products */ = {
			isa = PBXGroup;
			children = (
				CD7A7D7B2B1DEDC9003C1926 /* AppManSwiftUIBootCamp.app */,
			);
			name = Products;
			sourceTree = "<group>";
		};
		CD7A7D7D2B1DEDC9003C1926 /* AppManSwiftUIBootCamp */ = {
			isa = PBXGroup;
			children = (
				CD7A7D7E2B1DEDC9003C1926 /* AppManSwiftUIBootCampApp.swift */,
				CD7A7D802B1DEDC9003C1926 /* ContentView.swift */,
				CD4837D12B1F1BAD0003A998 /* ViewDependencies.swift */,
				CD4837D32B1F1DE00003A998 /* UseUIControl.swift */,
				CD4837D52B1F28450003A998 /* ColorAndImageShow.swift */,
				CD7A7D822B1DEDCD003C1926 /* Assets.xcassets */,
				CD7A7D842B1DEDCD003C1926 /* Preview Content */,
			);
			path = AppManSwiftUIBootCamp;
			sourceTree = "<group>";
		};
		CD7A7D842B1DEDCD003C1926 /* Preview Content */ = {
			isa = PBXGroup;
			children = (
				CD7A7D852B1DEDCD003C1926 /* Preview Assets.xcassets */,
			);
			path = "Preview Content";
			sourceTree = "<group>";
		};
/* End PBXGroup section */

/* Begin PBXNativeTarget section */
		CD7A7D7A2B1DEDC9003C1926 /* AppManSwiftUIBootCamp */ = {
			isa = PBXNativeTarget;
			buildConfigurationList = CD7A7D892B1DEDCD003C1926 /* Build configuration list for PBXNativeTarget "AppManSwiftUIBootCamp" */;
			buildPhases = (
				CD7A7D772B1DEDC9003C1926 /* Sources */,
				CD7A7D782B1DEDC9003C1926 /* Frameworks */,
				CD7A7D792B1DEDC9003C1926 /* Resources */,
			);
			buildRules = (
			);
			dependencies = (
			);
			name = AppManSwiftUIBootCamp;
			productName = AppManSwiftUIBootCamp;
			productReference = CD7A7D7B2B1DEDC9003C1926 /* AppManSwiftUIBootCamp.app */;
			productType = "com.apple.product-type.application";
		};
/* End PBXNativeTarget section */

/* Begin PBXProject section */
		CD7A7D732B1DEDC9003C1926 /* Project object */ = {
			isa = PBXProject;
			attributes = {
				BuildIndependentTargetsInParallel = 1;
				LastSwiftUpdateCheck = 1500;
				LastUpgradeCheck = 1500;
				TargetAttributes = {
					CD7A7D7A2B1DEDC9003C1926 = {
						CreatedOnToolsVersion = 15.0.1;
					};
				};
			};
			buildConfigurationList = CD7A7D762B1DEDC9003C1926 /* Build configuration list for PBXProject "AppManSwiftUIBootCamp" */;
			compatibilityVersion = "Xcode 14.0";
			developmentRegion = en;
			hasScannedForEncodings = 0;
			knownRegions = (
				en,
				Base,
			);
			mainGroup = CD7A7D722B1DEDC9003C1926;
			productRefGroup = CD7A7D7C2B1DEDC9003C1926 /* Products */;
			projectDirPath = "";
			projectRoot = "";
			targets = (
				CD7A7D7A2B1DEDC9003C1926 /* AppManSwiftUIBootCamp */,
			);
		};
/* End PBXProject section */

/* Begin PBXResourcesBuildPhase section */
		CD7A7D792B1DEDC9003C1926 /* Resources */ = {
			isa = PBXResourcesBuildPhase;
			buildActionMask = 2147483647;
			files = (
				CD7A7D862B1DEDCD003C1926 /* Preview Assets.xcassets in Resources */,
				CD7A7D832B1DEDCD003C1926 /* Assets.xcassets in Resources */,
			);
			runOnlyForDeploymentPostprocessing = 0;
		};
/* End PBXResourcesBuildPhase section */

/* Begin PBXSourcesBuildPhase section */
		CD7A7D772B1DEDC9003C1926 /* Sources */ = {
			isa = PBXSourcesBuildPhase;
			buildActionMask = 2147483647;
			files = (
				CD7A7D812B1DEDC9003C1926 /* ContentView.swift in Sources */,
				CD4837D42B1F1DE00003A998 /* UseUIControl.swift in Sources */,
				CD7A7D7F2B1DEDC9003C1926 /* AppManSwiftUIBootCampApp.swift in Sources */,
				CD4837D22B1F1BAD0003A998 /* ViewDependencies.swift in Sources */,
				CD4837D62B1F28460003A998 /* ColorAndImageShow.swift in Sources */,
			);
			runOnlyForDeploymentPostprocessing = 0;
		};
/* End PBXSourcesBuildPhase section */

/* Begin XCBuildConfiguration section */
		CD7A7D872B1DEDCD003C1926 /* Debug */ = {
			isa = XCBuildConfiguration;
			buildSettings = {
				ALWAYS_SEARCH_USER_PATHS = NO;
				ASSETCATALOG_COMPILER_GENERATE_SWIFT_ASSET_SYMBOL_EXTENSIONS = YES;
				CLANG_ANALYZER_NONNULL = YES;
				CLANG_ANALYZER_NUMBER_OBJECT_CONVERSION = YES_AGGRESSIVE;
				CLANG_CXX_LANGUAGE_STANDARD = "gnu++20";
				CLANG_ENABLE_MODULES = YES;
				CLANG_ENABLE_OBJC_ARC = YES;
				CLANG_ENABLE_OBJC_WEAK = YES;
				CLANG_WARN_BLOCK_CAPTURE_AUTORELEASING = YES;
				CLANG_WARN_BOOL_CONVERSION = YES;
				CLANG_WARN_COMMA = YES;
				CLANG_WARN_CONSTANT_CONVERSION = YES;
				CLANG_WARN_DEPRECATED_OBJC_IMPLEMENTATIONS = YES;
				CLANG_WARN_DIRECT_OBJC_ISA_USAGE = YES_ERROR;
				CLANG_WARN_DOCUMENTATION_COMMENTS = YES;
				CLANG_WARN_EMPTY_BODY = YES;
				CLANG_WARN_ENUM_CONVERSION = YES;
				CLANG_WARN_INFINITE_RECURSION = YES;
				CLANG_WARN_INT_CONVERSION = YES;
				CLANG_WARN_NON_LITERAL_NULL_CONVERSION = YES;
				CLANG_WARN_OBJC_IMPLICIT_RETAIN_SELF = YES;
				CLANG_WARN_OBJC_LITERAL_CONVERSION = YES;
				CLANG_WARN_OBJC_ROOT_CLASS = YES_ERROR;
				CLANG_WARN_QUOTED_INCLUDE_IN_FRAMEWORK_HEADER = YES;
				CLANG_WARN_RANGE_LOOP_ANALYSIS = YES;
				CLANG_WARN_STRICT_PROTOTYPES = YES;
				CLANG_WARN_SUSPICIOUS_MOVE = YES;
				CLANG_WARN_UNGUARDED_AVAILABILITY = YES_AGGRESSIVE;
				CLANG_WARN_UNREACHABLE_CODE = YES;
				CLANG_WARN__DUPLICATE_METHOD_MATCH = YES;
				COPY_PHASE_STRIP = NO;
				DEBUG_INFORMATION_FORMAT = dwarf;
				ENABLE_STRICT_OBJC_MSGSEND = YES;
				ENABLE_TESTABILITY = YES;
				ENABLE_USER_SCRIPT_SANDBOXING = YES;
				GCC_C_LANGUAGE_STANDARD = gnu17;
				GCC_DYNAMIC_NO_PIC = NO;
				GCC_NO_COMMON_BLOCKS = YES;
				GCC_OPTIMIZATION_LEVEL = 0;
				GCC_PREPROCESSOR_DEFINITIONS = (
					"DEBUG=1",
					"$(inherited)",
				);
				GCC_WARN_64_TO_32_BIT_CONVERSION = YES;
				GCC_WARN_ABOUT_RETURN_TYPE = YES_ERROR;
				GCC_WARN_UNDECLARED_SELECTOR = YES;
				GCC_WARN_UNINITIALIZED_AUTOS = YES_AGGRESSIVE;
				GCC_WARN_UNUSED_FUNCTION = YES;
				GCC_WARN_UNUSED_VARIABLE = YES;
				IPHONEOS_DEPLOYMENT_TARGET = 17.0;
				LOCALIZATION_PREFERS_STRING_CATALOGS = YES;
				MTL_ENABLE_DEBUG_INFO = INCLUDE_SOURCE;
				MTL_FAST_MATH = YES;
				ONLY_ACTIVE_ARCH = YES;
				SDKROOT = iphoneos;
				SWIFT_ACTIVE_COMPILATION_CONDITIONS = "DEBUG $(inherited)";
				SWIFT_OPTIMIZATION_LEVEL = "-Onone";
			};
			name = Debug;
		};
		CD7A7D882B1DEDCD003C1926 /* Release */ = {
			isa = XCBuildConfiguration;
			buildSettings = {
				ALWAYS_SEARCH_USER_PATHS = NO;
				ASSETCATALOG_COMPILER_GENERATE_SWIFT_ASSET_SYMBOL_EXTENSIONS = YES;
				CLANG_ANALYZER_NONNULL = YES;
				CLANG_ANALYZER_NUMBER_OBJECT_CONVERSION = YES_AGGRESSIVE;
				CLANG_CXX_LANGUAGE_STANDARD = "gnu++20";
				CLANG_ENABLE_MODULES = YES;
				CLANG_ENABLE_OBJC_ARC = YES;
				CLANG_ENABLE_OBJC_WEAK = YES;
				CLANG_WARN_BLOCK_CAPTURE_AUTORELEASING = YES;
				CLANG_WARN_BOOL_CONVERSION = YES;
				CLANG_WARN_COMMA = YES;
				CLANG_WARN_CONSTANT_CONVERSION = YES;
				CLANG_WARN_DEPRECATED_OBJC_IMPLEMENTATIONS = YES;
				CLANG_WARN_DIRECT_OBJC_ISA_USAGE = YES_ERROR;
				CLANG_WARN_DOCUMENTATION_COMMENTS = YES;
				CLANG_WARN_EMPTY_BODY = YES;
				CLANG_WARN_ENUM_CONVERSION = YES;
				CLANG_WARN_INFINITE_RECURSION = YES;
				CLANG_WARN_INT_CONVERSION = YES;
				CLANG_WARN_NON_LITERAL_NULL_CONVERSION = YES;
				CLANG_WARN_OBJC_IMPLICIT_RETAIN_SELF = YES;
				CLANG_WARN_OBJC_LITERAL_CONVERSION = YES;
				CLANG_WARN_OBJC_ROOT_CLASS = YES_ERROR;
				CLANG_WARN_QUOTED_INCLUDE_IN_FRAMEWORK_HEADER = YES;
				CLANG_WARN_RANGE_LOOP_ANALYSIS = YES;
				CLANG_WARN_STRICT_PROTOTYPES = YES;
				CLANG_WARN_SUSPICIOUS_MOVE = YES;
				CLANG_WARN_UNGUARDED_AVAILABILITY = YES_AGGRESSIVE;
				CLANG_WARN_UNREACHABLE_CODE = YES;
				CLANG_WARN__DUPLICATE_METHOD_MATCH = YES;
				COPY_PHASE_STRIP = NO;
				DEBUG_INFORMATION_FORMAT = "dwarf-with-dsym";
				ENABLE_NS_ASSERTIONS = NO;
				ENABLE_STRICT_OBJC_MSGSEND = YES;
				ENABLE_USER_SCRIPT_SANDBOXING = YES;
				GCC_C_LANGUAGE_STANDARD = gnu17;
				GCC_NO_COMMON_BLOCKS = YES;
				GCC_WARN_64_TO_32_BIT_CONVERSION = YES;
				GCC_WARN_ABOUT_RETURN_TYPE = YES_ERROR;
				GCC_WARN_UNDECLARED_SELECTOR = YES;
				GCC_WARN_UNINITIALIZED_AUTOS = YES_AGGRESSIVE;
				GCC_WARN_UNUSED_FUNCTION = YES;
				GCC_WARN_UNUSED_VARIABLE = YES;
				IPHONEOS_DEPLOYMENT_TARGET = 17.0;
				LOCALIZATION_PREFERS_STRING_CATALOGS = YES;
				MTL_ENABLE_DEBUG_INFO = NO;
				MTL_FAST_MATH = YES;
				SDKROOT = iphoneos;
				SWIFT_COMPILATION_MODE = wholemodule;
				VALIDATE_PRODUCT = YES;
			};
			name = Release;
		};
		CD7A7D8A2B1DEDCD003C1926 /* Debug */ = {
			isa = XCBuildConfiguration;
			buildSettings = {
				ASSETCATALOG_COMPILER_APPICON_NAME = AppIcon;
				ASSETCATALOG_COMPILER_GLOBAL_ACCENT_COLOR_NAME = AccentColor;
				CODE_SIGN_STYLE = Automatic;
				CURRENT_PROJECT_VERSION = 1;
				DEVELOPMENT_ASSET_PATHS = "\"AppManSwiftUIBootCamp/Preview Content\"";
				DEVELOPMENT_TEAM = JKR3XZ5TBQ;
				ENABLE_PREVIEWS = YES;
				GENERATE_INFOPLIST_FILE = YES;
				INFOPLIST_KEY_UIApplicationSceneManifest_Generation = YES;
				INFOPLIST_KEY_UIApplicationSupportsIndirectInputEvents = YES;
				INFOPLIST_KEY_UILaunchScreen_Generation = YES;
				INFOPLIST_KEY_UISupportedInterfaceOrientations_iPad = "UIInterfaceOrientationPortrait UIInterfaceOrientationPortraitUpsideDown UIInterfaceOrientationLandscapeLeft UIInterfaceOrientationLandscapeRight";
				INFOPLIST_KEY_UISupportedInterfaceOrientations_iPhone = "UIInterfaceOrientationPortrait UIInterfaceOrientationLandscapeLeft UIInterfaceOrientationLandscapeRight";
				LD_RUNPATH_SEARCH_PATHS = (
					"$(inherited)",
					"@executable_path/Frameworks",
				);
				MARKETING_VERSION = 1.0;
				PRODUCT_BUNDLE_IDENTIFIER = com.manishparihar.AppManSwiftUIBootCamp;
				PRODUCT_NAME = "$(TARGET_NAME)";
				SWIFT_EMIT_LOC_STRINGS = YES;
				SWIFT_VERSION = 5.0;
				TARGETED_DEVICE_FAMILY = "1,2";
			};
			name = Debug;
		};
		CD7A7D8B2B1DEDCD003C1926 /* Release */ = {
			isa = XCBuildConfiguration;
			buildSettings = {
				ASSETCATALOG_COMPILER_APPICON_NAME = AppIcon;
				ASSETCATALOG_COMPILER_GLOBAL_ACCENT_COLOR_NAME = AccentColor;
				CODE_SIGN_STYLE = Automatic;
				CURRENT_PROJECT_VERSION = 1;
				DEVELOPMENT_ASSET_PATHS = "\"AppManSwiftUIBootCamp/Preview Content\"";
				DEVELOPMENT_TEAM = JKR3XZ5TBQ;
				ENABLE_PREVIEWS = YES;
				GENERATE_INFOPLIST_FILE = YES;
				INFOPLIST_KEY_UIApplicationSceneManifest_Generation = YES;
				INFOPLIST_KEY_UIApplicationSupportsIndirectInputEvents = YES;
				INFOPLIST_KEY_UILaunchScreen_Generation = YES;
				INFOPLIST_KEY_UISupportedInterfaceOrientations_iPad = "UIInterfaceOrientationPortrait UIInterfaceOrientationPortraitUpsideDown UIInterfaceOrientationLandscapeLeft UIInterfaceOrientationLandscapeRight";
				INFOPLIST_KEY_UISupportedInterfaceOrientations_iPhone = "UIInterfaceOrientationPortrait UIInterfaceOrientationLandscapeLeft UIInterfaceOrientationLandscapeRight";
				LD_RUNPATH_SEARCH_PATHS = (
					"$(inherited)",
					"@executable_path/Frameworks",
				);
				MARKETING_VERSION = 1.0;
				PRODUCT_BUNDLE_IDENTIFIER = com.manishparihar.AppManSwiftUIBootCamp;
				PRODUCT_NAME = "$(TARGET_NAME)";
				SWIFT_EMIT_LOC_STRINGS = YES;
				SWIFT_VERSION = 5.0;
				TARGETED_DEVICE_FAMILY = "1,2";
			};
			name = Release;
		};
/* End XCBuildConfiguration section */

/* Begin XCConfigurationList section */
		CD7A7D762B1DEDC9003C1926 /* Build configuration list for PBXProject "AppManSwiftUIBootCamp" */ = {
			isa = XCConfigurationList;
			buildConfigurations = (
				CD7A7D872B1DEDCD003C1926 /* Debug */,
				CD7A7D882B1DEDCD003C1926 /* Release */,
			);
			defaultConfigurationIsVisible = 0;
			defaultConfigurationName = Release;
		};
		CD7A7D892B1DEDCD003C1926 /* Build configuration list for PBXNativeTarget "AppManSwiftUIBootCamp" */ = {
			isa = XCConfigurationList;
			buildConfigurations = (
				CD7A7D8A2B1DEDCD003C1926 /* Debug */,
				CD7A7D8B2B1DEDCD003C1926 /* Release */,
			);
			defaultConfigurationIsVisible = 0;
			defaultConfigurationName = Release;
		};
/* End XCConfigurationList section */
	};
	rootObject = CD7A7D732B1DEDC9003C1926 /* Project object */;
}
